
Microsoft Visual Studio Solution File, Format Version 12.00
# Visual Studio Version 17
VisualStudioVersion = 17.0.31903.59
MinimumVisualStudioVersion = 10.0.40219.1
Project("{2150E333-8FDC-42A3-9474-1A3956D46DE8}") = "domain", "domain", "{C68313C5-2C67-4C0E-AD76-B3588D4095B4}"
EndProject
Project("{9A19103F-16F7-4668-BE54-9A1E7A4F7556}") = "Store", "domain\Store\Store.csproj", "{3B765D11-BB19-4B87-8975-B6B9AFB96E1D}"
EndProject
Project("{FAE04EC0-301F-11D3-BF4B-00C04F79EFBC}") = "Test", "Test\Test.csproj", "{FA1CD201-C886-4A23-8938-E496734CA0F9}"
EndProject
Global
	GlobalSection(SolutionConfigurationPlatforms) = preSolution
		Debug|Any CPU = Debug|Any CPU
		Release|Any CPU = Release|Any CPU
	EndGlobalSection
	GlobalSection(ProjectConfigurationPlatforms) = postSolution
		{3B765D11-BB19-4B87-8975-B6B9AFB96E1D}.Debug|Any CPU.ActiveCfg = Debug|Any CPU
		{3B765D11-BB19-4B87-8975-B6B9AFB96E1D}.Debug|Any CPU.Build.0 = Debug|Any CPU
		{3B765D11-BB19-4B87-8975-B6B9AFB96E1D}.Release|Any CPU.ActiveCfg = Release|Any CPU
		{3B765D11-BB19-4B87-8975-B6B9AFB96E1D}.Release|Any CPU.Build.0 = Release|Any CPU
		{FA1CD201-C886-4A23-8938-E496734CA0F9}.Debug|Any CPU.ActiveCfg = Debug|Any CPU
		{FA1CD201-C886-4A23-8938-E496734CA0F9}.Debug|Any CPU.Build.0 = Debug|Any CPU
		{FA1CD201-C886-4A23-8938-E496734CA0F9}.Release|Any CPU.ActiveCfg = Release|Any CPU
		{FA1CD201-C886-4A23-8938-E496734CA0F9}.Release|Any CPU.Build.0 = Release|Any CPU
	EndGlobalSection
	GlobalSection(SolutionProperties) = preSolution
		HideSolutionNode = FALSE
	EndGlobalSection
	GlobalSection(NestedProjects) = preSolution
		{3B765D11-BB19-4B87-8975-B6B9AFB96E1D} = {C68313C5-2C67-4C0E-AD76-B3588D4095B4}
	EndGlobalSection
EndGlobal
